// !$*UTF8*$!
{
	archiveVersion = 1;
	classes = {
	};
	objectVersion = 46;
	objects = {

/* Begin PBXBuildFile section */
		754C76A31B2D0CBB00ACC473 /* main.m in Sources */ = {isa = PBXBuildFile; fileRef = 754C76A21B2D0CBB00ACC473 /* main.m */; };
		754C76A61B2D0CBB00ACC473 /* AppDelegate.m in Sources */ = {isa = PBXBuildFile; fileRef = 754C76A51B2D0CBB00ACC473 /* AppDelegate.m */; };
		754C76A91B2D0CBB00ACC473 /* ViewController.m in Sources */ = {isa = PBXBuildFile; fileRef = 754C76A81B2D0CBB00ACC473 /* ViewController.m */; };
		754C76AC1B2D0CBB00ACC473 /* Main.storyboard in Resources */ = {isa = PBXBuildFile; fileRef = 754C76AA1B2D0CBB00ACC473 /* Main.storyboard */; };
		754C76AE1B2D0CBB00ACC473 /* Images.xcassets in Resources */ = {isa = PBXBuildFile; fileRef = 754C76AD1B2D0CBB00ACC473 /* Images.xcassets */; };
		754C76B11B2D0CBB00ACC473 /* LaunchScreen.xib in Resources */ = {isa = PBXBuildFile; fileRef = 754C76AF1B2D0CBB00ACC473 /* LaunchScreen.xib */; };
		754C76BD1B2D0CBB00ACC473 /* helloGitHubTests.m in Sources */ = {isa = PBXBuildFile; fileRef = 754C76BC1B2D0CBB00ACC473 /* helloGitHubTests.m */; };
/* End PBXBuildFile section */

/* Begin PBXContainerItemProxy section */
		754C76B71B2D0CBB00ACC473 /* PBXContainerItemProxy */ = {
			isa = PBXContainerItemProxy;
			containerPortal = 754C76951B2D0CBB00ACC473 /* Project object */;
			proxyType = 1;
			remoteGlobalIDString = 754C769C1B2D0CBB00ACC473;
			remoteInfo = helloGitHub;
		};
/* End PBXContainerItemProxy section */

/* Begin PBXFileReference section */
		754C769D1B2D0CBB00ACC473 /* helloGitHub.app */ = {isa = PBXFileReference; explicitFileType = wrapper.application; includeInIndex = 0; path = helloGitHub.app; sourceTree = BUILT_PRODUCTS_DIR; };
		754C76A11B2D0CBB00ACC473 /* Info.plist */ = {isa = PBXFileReference; lastKnownFileType = text.plist.xml; path = Info.plist; sourceTree = "<group>"; };
		754C76A21B2D0CBB00ACC473 /* main.m */ = {isa = PBXFileReference; lastKnownFileType = sourcecode.c.objc; path = main.m; sourceTree = "<group>"; };
		754C76A41B2D0CBB00ACC473 /* AppDelegate.h */ = {isa = PBXFileReference; lastKnownFileType = sourcecode.c.h; path = AppDelegate.h; sourceTree = "<group>"; };
		754C76A51B2D0CBB00ACC473 /* AppDelegate.m */ = {isa = PBXFileReference; lastKnownFileType = sourcecode.c.objc; path = AppDelegate.m; sourceTree = "<group>"; };
		754C76A71B2D0CBB00ACC473 /* ViewController.h */ = {isa = PBXFileReference; lastKnownFileType = sourcecode.c.h; path = ViewController.h; sourceTree = "<group>"; };
		754C76A81B2D0CBB00ACC473 /* ViewController.m */ = {isa = PBXFileReference; lastKnownFileType = sourcecode.c.objc; path = ViewController.m; sourceTree = "<group>"; };
		754C76AB1B2D0CBB00ACC473 /* Base */ = {isa = PBXFileReference; lastKnownFileType = file.storyboard; name = Base; path = Base.lproj/Main.storyboard; sourceTree = "<group>"; };
		754C76AD1B2D0CBB00ACC473 /* Images.xcassets */ = {isa = PBXFileReference; lastKnownFileType = folder.assetcatalog; path = Images.xcassets; sourceTree = "<group>"; };
		754C76B01B2D0CBB00ACC473 /* Base */ = {isa = PBXFileReference; lastKnownFileType = file.xib; name = Base; path = Base.lproj/LaunchScreen.xib; sourceTree = "<group>"; };
		754C76B61B2D0CBB00ACC473 /* helloGitHubTests.xctest */ = {isa = PBXFileReference; explicitFileType = wrapper.cfbundle; includeInIndex = 0; path = helloGitHubTests.xctest; sourceTree = BUILT_PRODUCTS_DIR; };
		754C76BB1B2D0CBB00ACC473 /* Info.plist */ = {isa = PBXFileReference; lastKnownFileType = text.plist.xml; path = Info.plist; sourceTree = "<group>"; };
		754C76BC1B2D0CBB00ACC473 /* helloGitHubTests.m */ = {isa = PBXFileReference; lastKnownFileType = sourcecode.c.objc; path = helloGitHubTests.m; sourceTree = "<group>"; };
/* End PBXFileReference section */

/* Begin PBXFrameworksBuildPhase section */
		754C769A1B2D0CBB00ACC473 /* Frameworks */ = {
			isa = PBXFrameworksBuildPhase;
			buildActionMask = 2147483647;
			files = (
			);
			runOnlyForDeploymentPostprocessing = 0;
		};
		754C76B31B2D0CBB00ACC473 /* Frameworks */ = {
			isa = PBXFrameworksBuildPhase;
			buildActionMask = 2147483647;
			files = (
			);
			runOnlyForDeploymentPostprocessing = 0;
		};
/* End PBXFrameworksBuildPhase section */

/* Begin PBXGroup section */
		754C76941B2D0CBB00ACC473 = {
			isa = PBXGroup;
			children = (
				754C769F1B2D0CBB00ACC473 /* helloGitHub */,
				754C76B91B2D0CBB00ACC473 /* helloGitHubTests */,
				754C769E1B2D0CBB00ACC473 /* Products */,
			);
			sourceTree = "<group>";
		};
		754C769E1B2D0CBB00ACC473 /* Products */ = {
			isa = PBXGroup;
			children = (
				754C769D1B2D0CBB00ACC473 /* helloGitHub.app */,
				754C76B61B2D0CBB00ACC473 /* helloGitHubTests.xctest */,
			);
			name = Products;
			sourceTree = "<group>";
		};
		754C769F1B2D0CBB00ACC473 /* helloGitHub */ = {
			isa = PBXGroup;
			children = (
				754C76A41B2D0CBB00ACC473 /* AppDelegate.h */,
				754C76A51B2D0CBB00ACC473 /* AppDelegate.m */,
				754C76A71B2D0CBB00ACC473 /* ViewController.h */,
				754C76A81B2D0CBB00ACC473 /* ViewController.m */,
				754C76AA1B2D0CBB00ACC473 /* Main.storyboard */,
				754C76AD1B2D0CBB00ACC473 /* Images.xcassets */,
				754C76AF1B2D0CBB00ACC473 /* LaunchScreen.xib */,
				754C76A01B2D0CBB00ACC473 /* Supporting Files */,
			);
			path = helloGitHub;
			sourceTree = "<group>";
		};
		754C76A01B2D0CBB00ACC473 /* Supporting Files */ = {
			isa = PBXGroup;
			children = (
				754C76A11B2D0CBB00ACC473 /* Info.plist */,
				754C76A21B2D0CBB00ACC473 /* main.m */,
			);
			name = "Supporting Files";
			sourceTree = "<group>";
		};
		754C76B91B2D0CBB00ACC473 /* helloGitHubTests */ = {
			isa = PBXGroup;
			children = (
				754C76BC1B2D0CBB00ACC473 /* helloGitHubTests.m */,
				754C76BA1B2D0CBB00ACC473 /* Supporting Files */,
			);
			path = helloGitHubTests;
			sourceTree = "<group>";
		};
		754C76BA1B2D0CBB00ACC473 /* Supporting Files */ = {
			isa = PBXGroup;
			children = (
				754C76BB1B2D0CBB00ACC473 /* Info.plist */,
			);
			name = "Supporting Files";
			sourceTree = "<group>";
		};
/* End PBXGroup section */

/* Begin PBXNativeTarget section */
		754C769C1B2D0CBB00ACC473 /* helloGitHub */ = {
			isa = PBXNativeTarget;
			buildConfigurationList = 754C76C01B2D0CBB00ACC473 /* Build configuration list for PBXNativeTarget "helloGitHub" */;
			buildPhases = (
				754C76991B2D0CBB00ACC473 /* Sources */,
				754C769A1B2D0CBB00ACC473 /* Frameworks */,
				754C769B1B2D0CBB00ACC473 /* Resources */,
			);
			buildRules = (
			);
			dependencies = (
			);
			name = helloGitHub;
			productName = helloGitHub;
			productReference = 754C769D1B2D0CBB00ACC473 /* helloGitHub.app */;
			productType = "com.apple.product-type.application";
		};
		754C76B51B2D0CBB00ACC473 /* helloGitHubTests */ = {
			isa = PBXNativeTarget;
			buildConfigurationList = 754C76C31B2D0CBB00ACC473 /* Build configuration list for PBXNativeTarget "helloGitHubTests" */;
			buildPhases = (
				754C76B21B2D0CBB00ACC473 /* Sources */,
				754C76B31B2D0CBB00ACC473 /* Frameworks */,
				754C76B41B2D0CBB00ACC473 /* Resources */,
			);
			buildRules = (
			);
			dependencies = (
				754C76B81B2D0CBB00ACC473 /* PBXTargetDependency */,
			);
			name = helloGitHubTests;
			productName = helloGitHubTests;
			productReference = 754C76B61B2D0CBB00ACC473 /* helloGitHubTests.xctest */;
			productType = "com.apple.product-type.bundle.unit-test";
		};
/* End PBXNativeTarget section */

/* Begin PBXProject section */
		754C76951B2D0CBB00ACC473 /* Project object */ = {
			isa = PBXProject;
			attributes = {
				LastUpgradeCheck = 0630;
				ORGANIZATIONNAME = huangshuimei;
				TargetAttributes = {
					754C769C1B2D0CBB00ACC473 = {
						CreatedOnToolsVersion = 6.3.2;
					};
					754C76B51B2D0CBB00ACC473 = {
						CreatedOnToolsVersion = 6.3.2;
						TestTargetID = 754C769C1B2D0CBB00ACC473;
					};
				};
			};
			buildConfigurationList = 754C76981B2D0CBB00ACC473 /* Build configuration list for PBXProject "helloGitHub" */;
			compatibilityVersion = "Xcode 3.2";
			developmentRegion = English;
			hasScannedForEncodings = 0;
			knownRegions = (
				en,
				Base,
			);
			mainGroup = 754C76941B2D0CBB00ACC473;
			productRefGroup = 754C769E1B2D0CBB00ACC473 /* Products */;
			projectDirPath = "";
			projectRoot = "";
			targets = (
				754C769C1B2D0CBB00ACC473 /* helloGitHub */,
				754C76B51B2D0CBB00ACC473 /* helloGitHubTests */,
			);
		};
/* End PBXProject section */

/* Begin PBXResourcesBuildPhase section */
		754C769B1B2D0CBB00ACC473 /* Resources */ = {
			isa = PBXResourcesBuildPhase;
			buildActionMask = 2147483647;
			files = (
				754C76AC1B2D0CBB00ACC473 /* Main.storyboard in Resources */,
				754C76B11B2D0CBB00ACC473 /* LaunchScreen.xib in Resources */,
				754C76AE1B2D0CBB00ACC473 /* Images.xcassets in Resources */,
			);
			runOnlyForDeploymentPostprocessing = 0;
		};
		754C76B41B2D0CBB00ACC473 /* Resources */ = {
			isa = PBXResourcesBuildPhase;
			buildActionMask = 2147483647;
			files = (
			);
			runOnlyForDeploymentPostprocessing = 0;
		};
/* End PBXResourcesBuildPhase section */

/* Begin PBXSourcesBuildPhase section */
		754C76991B2D0CBB00ACC473 /* Sources */ = {
			isa = PBXSourcesBuildPhase;
			buildActionMask = 2147483647;
			files = (
				754C76A91B2D0CBB00ACC473 /* ViewController.m in Sources */,
				754C76A61B2D0CBB00ACC473 /* AppDelegate.m in Sources */,
				754C76A31B2D0CBB00ACC473 /* main.m in Sources */,
			);
			runOnlyForDeploymentPostprocessing = 0;
		};
		754C76B21B2D0CBB00ACC473 /* Sources */ = {
			isa = PBXSourcesBuildPhase;
			buildActionMask = 2147483647;
			files = (
				754C76BD1B2D0CBB00ACC473 /* helloGitHubTests.m in Sources */,
			);
			runOnlyForDeploymentPostprocessing = 0;
		};
/* End PBXSourcesBuildPhase section */

/* Begin PBXTargetDependency section */
		754C76B81B2D0CBB00ACC473 /* PBXTargetDependency */ = {
			isa = PBXTargetDependency;
			target = 754C769C1B2D0CBB00ACC473 /* helloGitHub */;
			targetProxy = 754C76B71B2D0CBB00ACC473 /* PBXContainerItemProxy */;
		};
/* End PBXTargetDependency section */

/* Begin PBXVariantGroup section */
		754C76AA1B2D0CBB00ACC473 /* Main.storyboard */ = {
			isa = PBXVariantGroup;
			children = (
				754C76AB1B2D0CBB00ACC473 /* Base */,
			);
			name = Main.storyboard;
			sourceTree = "<group>";
		};
		754C76AF1B2D0CBB00ACC473 /* LaunchScreen.xib */ = {
			isa = PBXVariantGroup;
			children = (
				754C76B01B2D0CBB00ACC473 /* Base */,
			);
			name = LaunchScreen.xib;
			sourceTree = "<group>";
		};
/* End PBXVariantGroup section */

/* Begin XCBuildConfiguration section */
		754C76BE1B2D0CBB00ACC473 /* Debug */ = {
			isa = XCBuildConfiguration;
			buildSettings = {
				ALWAYS_SEARCH_USER_PATHS = NO;
				CLANG_CXX_LANGUAGE_STANDARD = "gnu++0x";
				CLANG_CXX_LIBRARY = "libc++";
				CLANG_ENABLE_MODULES = YES;
				CLANG_ENABLE_OBJC_ARC = YES;
				CLANG_WARN_BOOL_CONVERSION = YES;
				CLANG_WARN_CONSTANT_CONVERSION = YES;
				CLANG_WARN_DIRECT_OBJC_ISA_USAGE = YES_ERROR;
				CLANG_WARN_EMPTY_BODY = YES;
				CLANG_WARN_ENUM_CONVERSION = YES;
				CLANG_WARN_INT_CONVERSION = YES;
				CLANG_WARN_OBJC_ROOT_CLASS = YES_ERROR;
				CLANG_WARN_UNREACHABLE_CODE = YES;
				CLANG_WARN__DUPLICATE_METHOD_MATCH = YES;
				"CODE_SIGN_IDENTITY[sdk=iphoneos*]" = "iPhone Developer";
				COPY_PHASE_STRIP = NO;
				DEBUG_INFORMATION_FORMAT = "dwarf-with-dsym";
				ENABLE_STRICT_OBJC_MSGSEND = YES;
				GCC_C_LANGUAGE_STANDARD = gnu99;
				GCC_DYNAMIC_NO_PIC = NO;
				GCC_NO_COMMON_BLOCKS = YES;
				GCC_OPTIMIZATION_LEVEL = 0;
				GCC_PREPROCESSOR_DEFINITIONS = (
					"DEBUG=1",
					"$(inherited)",
				);
				GCC_SYMBOLS_PRIVATE_EXTERN = NO;
				GCC_WARN_64_TO_32_BIT_CONVERSION = YES;
				GCC_WARN_ABOUT_RETURN_TYPE = YES_ERROR;
				GCC_WARN_UNDECLARED_SELECTOR = YES;
				GCC_WARN_UNINITIALIZED_AUTOS = YES_AGGRESSIVE;
				GCC_WARN_UNUSED_FUNCTION = YES;
				GCC_WARN_UNUSED_VARIABLE = YES;
				IPHONEOS_DEPLOYMENT_TARGET = 8.3;
				MTL_ENABLE_DEBUG_INFO = YES;
				ONLY_ACTIVE_ARCH = YES;
				SDKROOT = iphoneos;
				TARGETED_DEVICE_FAMILY = "1,2";
			};
			name = Debug;
		};
		754C76BF1B2D0CBB00ACC473 /* Release */ = {
			isa = XCBuildConfiguration;
			buildSettings = {
				ALWAYS_SEARCH_USER_PATHS = NO;
				CLANG_CXX_LANGUAGE_STANDARD = "gnu++0x";
				CLANG_CXX_LIBRARY = "libc++";
				CLANG_ENABLE_MODULES = YES;
				CLANG_ENABLE_OBJC_ARC = YES;
				CLANG_WARN_BOOL_CONVERSION = YES;
				CLANG_WARN_CONSTANT_CONVERSION = YES;
				CLANG_WARN_DIRECT_OBJC_ISA_USAGE = YES_ERROR;
				CLANG_WARN_EMPTY_BODY = YES;
				CLANG_WARN_ENUM_CONVERSION = YES;
				CLANG_WARN_INT_CONVERSION = YES;
				CLANG_WARN_OBJC_ROOT_CLASS = YES_ERROR;
				CLANG_WARN_UNREACHABLE_CODE = YES;
				CLANG_WARN__DUPLICATE_METHOD_MATCH = YES;
				"CODE_SIGN_IDENTITY[sdk=iphoneos*]" = "iPhone Developer";
				COPY_PHASE_STRIP = NO;
				DEBUG_INFORMATION_FORMAT = "dwarf-with-dsym";
				ENABLE_NS_ASSERTIONS = NO;
				ENABLE_STRICT_OBJC_MSGSEND = YES;
				GCC_C_LANGUAGE_STANDARD = gnu99;
				GCC_NO_COMMON_BLOCKS = YES;
				GCC_WARN_64_TO_32_BIT_CONVERSION = YES;
				GCC_WARN_ABOUT_RETURN_TYPE = YES_ERROR;
				GCC_WARN_UNDECLARED_SELECTOR = YES;
				GCC_WARN_UNINITIALIZED_AUTOS = YES_AGGRESSIVE;
				GCC_WARN_UNUSED_FUNCTION = YES;
				GCC_WARN_UNUSED_VARIABLE = YES;
				IPHONEOS_DEPLOYMENT_TARGET = 8.3;
				MTL_ENABLE_DEBUG_INFO = NO;
				SDKROOT = iphoneos;
				TARGETED_DEVICE_FAMILY = "1,2";
				VALIDATE_PRODUCT = YES;
			};
			name = Release;
		};
		754C76C11B2D0CBB00ACC473 /* Debug */ = {
			isa = XCBuildConfiguration;
			buildSettings = {
				ASSETCATALOG_COMPILER_APPICON_NAME = AppIcon;
				INFOPLIST_FILE = helloGitHub/Info.plist;
				LD_RUNPATH_SEARCH_PATHS = "$(inherited) @executable_path/Frameworks";
				PRODUCT_NAME = "$(TARGET_NAME)";
			};
			name = Debug;
		};
		754C76C21B2D0CBB00ACC473 /* Release */ = {
			isa = XCBuildConfiguration;
			buildSettings = {
				ASSETCATALOG_COMPILER_APPICON_NAME = AppIcon;
				INFOPLIST_FILE = helloGitHub/Info.plist;
				LD_RUNPATH_SEARCH_PATHS = "$(inherited) @executable_path/Frameworks";
				PRODUCT_NAME = "$(TARGET_NAME)";
			};
			name = Release;
		};
		754C76C41B2D0CBB00ACC473 /* Debug */ = {
			isa = XCBuildConfiguration;
			buildSettings = {
				BUNDLE_LOADER = "$(TEST_HOST)";
				FRAMEWORK_SEARCH_PATHS = (
					"$(SDKROOT)/Developer/Library/Frameworks",
					"$(inherited)",
				);
				GCC_PREPROCESSOR_DEFINITIONS = (
					"DEBUG=1",
					"$(inherited)",
				);
				INFOPLIST_FILE = helloGitHubTests/Info.plist;
				LD_RUNPATH_SEARCH_PATHS = "$(inherited) @executable_path/Frameworks @loader_path/Frameworks";
				PRODUCT_NAME = "$(TARGET_NAME)";
				TEST_HOST = "$(BUILT_PRODUCTS_DIR)/helloGitHub.app/helloGitHub";
			};
			name = Debug;
		};
		754C76C51B2D0CBB00ACC473 /* Release */ = {
			isa = XCBuildConfiguration;
			buildSettings = {
				BUNDLE_LOADER = "$(TEST_HOST)";
				FRAMEWORK_SEARCH_PATHS = (
					"$(SDKROOT)/Developer/Library/Frameworks",
					"$(inherited)",
				);
				INFOPLIST_FILE = helloGitHubTests/Info.plist;
				LD_RUNPATH_SEARCH_PATHS = "$(inherited) @executable_path/Frameworks @loader_path/Frameworks";
				PRODUCT_NAME = "$(TARGET_NAME)";
				TEST_HOST = "$(BUILT_PRODUCTS_DIR)/helloGitHub.app/helloGitHub";
			};
			name = Release;
		};
/* End XCBuildConfiguration section */

/* Begin XCConfigurationList section */
		754C76981B2D0CBB00ACC473 /* Build configuration list for PBXProject "helloGitHub" */ = {
			isa = XCConfigurationList;
			buildConfigurations = (
				754C76BE1B2D0CBB00ACC473 /* Debug */,
				754C76BF1B2D0CBB00ACC473 /* Release */,
			);
			defaultConfigurationIsVisible = 0;
			defaultConfigurationName = Release;
		};
		754C76C01B2D0CBB00ACC473 /* Build configuration list for PBXNativeTarget "helloGitHub" */ = {
			isa = XCConfigurationList;
			buildConfigurations = (
				754C76C11B2D0CBB00ACC473 /* Debug */,
				754C76C21B2D0CBB00ACC473 /* Release */,
			);
			defaultConfigurationIsVisible = 0;
		};
		754C76C31B2D0CBB00ACC473 /* Build configuration list for PBXNativeTarget "helloGitHubTests" */ = {
			isa = XCConfigurationList;
			buildConfigurations = (
				754C76C41B2D0CBB00ACC473 /* Debug */,
				754C76C51B2D0CBB00ACC473 /* Release */,
			);
			defaultConfigurationIsVisible = 0;
		};
/* End XCConfigurationList section */
	};
	rootObject = 754C76951B2D0CBB00ACC473 /* Project object */;
}
